// !$*UTF8*$!
{
	archiveVersion = 1;
	classes = {
	};
	objectVersion = 50;
	objects = {

/* Begin PBXBuildFile section */
		150D9C8222F435850045736D /* TextStatsViewController.m in Sources */ = {isa = PBXBuildFile; fileRef = 150D9C8122F435850045736D /* TextStatsViewController.m */; };
		153916DC22F3EFAC00BD8717 /* AppDelegate.m in Sources */ = {isa = PBXBuildFile; fileRef = 153916DB22F3EFAC00BD8717 /* AppDelegate.m */; };
		153916DF22F3EFAC00BD8717 /* ViewController.m in Sources */ = {isa = PBXBuildFile; fileRef = 153916DE22F3EFAC00BD8717 /* ViewController.m */; };
		153916E222F3EFAC00BD8717 /* Main.storyboard in Resources */ = {isa = PBXBuildFile; fileRef = 153916E022F3EFAC00BD8717 /* Main.storyboard */; };
		153916E422F3EFAD00BD8717 /* Assets.xcassets in Resources */ = {isa = PBXBuildFile; fileRef = 153916E322F3EFAD00BD8717 /* Assets.xcassets */; };
		153916E722F3EFAD00BD8717 /* LaunchScreen.storyboard in Resources */ = {isa = PBXBuildFile; fileRef = 153916E522F3EFAD00BD8717 /* LaunchScreen.storyboard */; };
		153916EA22F3EFAD00BD8717 /* main.m in Sources */ = {isa = PBXBuildFile; fileRef = 153916E922F3EFAD00BD8717 /* main.m */; };
/* End PBXBuildFile section */

/* Begin PBXFileReference section */
		150D9C8022F435850045736D /* TextStatsViewController.h */ = {isa = PBXFileReference; lastKnownFileType = sourcecode.c.h; path = TextStatsViewController.h; sourceTree = "<group>"; };
		150D9C8122F435850045736D /* TextStatsViewController.m */ = {isa = PBXFileReference; lastKnownFileType = sourcecode.c.objc; path = TextStatsViewController.m; sourceTree = "<group>"; };
		153916D722F3EFAC00BD8717 /* Attributor.app */ = {isa = PBXFileReference; explicitFileType = wrapper.application; includeInIndex = 0; path = Attributor.app; sourceTree = BUILT_PRODUCTS_DIR; };
		153916DA22F3EFAC00BD8717 /* AppDelegate.h */ = {isa = PBXFileReference; lastKnownFileType = sourcecode.c.h; path = AppDelegate.h; sourceTree = "<group>"; };
		153916DB22F3EFAC00BD8717 /* AppDelegate.m */ = {isa = PBXFileReference; lastKnownFileType = sourcecode.c.objc; path = AppDelegate.m; sourceTree = "<group>"; };
		153916DD22F3EFAC00BD8717 /* ViewController.h */ = {isa = PBXFileReference; lastKnownFileType = sourcecode.c.h; path = ViewController.h; sourceTree = "<group>"; };
		153916DE22F3EFAC00BD8717 /* ViewController.m */ = {isa = PBXFileReference; lastKnownFileType = sourcecode.c.objc; path = ViewController.m; sourceTree = "<group>"; };
		153916E122F3EFAC00BD8717 /* Base */ = {isa = PBXFileReference; lastKnownFileType = file.storyboard; name = Base; path = Base.lproj/Main.storyboard; sourceTree = "<group>"; };
		153916E322F3EFAD00BD8717 /* Assets.xcassets */ = {isa = PBXFileReference; lastKnownFileType = folder.assetcatalog; path = Assets.xcassets; sourceTree = "<group>"; };
		153916E622F3EFAD00BD8717 /* Base */ = {isa = PBXFileReference; lastKnownFileType = file.storyboard; name = Base; path = Base.lproj/LaunchScreen.storyboard; sourceTree = "<group>"; };
		153916E822F3EFAD00BD8717 /* Info.plist */ = {isa = PBXFileReference; lastKnownFileType = text.plist.xml; path = Info.plist; sourceTree = "<group>"; };
		153916E922F3EFAD00BD8717 /* main.m */ = {isa = PBXFileReference; lastKnownFileType = sourcecode.c.objc; path = main.m; sourceTree = "<group>"; };
/* End PBXFileReference section */

/* Begin PBXFrameworksBuildPhase section */
		153916D422F3EFAC00BD8717 /* Frameworks */ = {
			isa = PBXFrameworksBuildPhase;
			buildActionMask = 2147483647;
			files = (
			);
			runOnlyForDeploymentPostprocessing = 0;
		};
/* End PBXFrameworksBuildPhase section */

/* Begin PBXGroup section */
		153916CE22F3EFAC00BD8717 = {
			isa = PBXGroup;
			children = (
				153916D922F3EFAC00BD8717 /* Attributor */,
				153916D822F3EFAC00BD8717 /* Products */,
			);
			sourceTree = "<group>";
		};
		153916D822F3EFAC00BD8717 /* Products */ = {
			isa = PBXGroup;
			children = (
				153916D722F3EFAC00BD8717 /* Attributor.app */,
			);
			name = Products;
			sourceTree = "<group>";
		};
		153916D922F3EFAC00BD8717 /* Attributor */ = {
			isa = PBXGroup;
			children = (
				153916DA22F3EFAC00BD8717 /* AppDelegate.h */,
				153916DB22F3EFAC00BD8717 /* AppDelegate.m */,
				153916DD22F3EFAC00BD8717 /* ViewController.h */,
				153916DE22F3EFAC00BD8717 /* ViewController.m */,
				153916E022F3EFAC00BD8717 /* Main.storyboard */,
				153916E322F3EFAD00BD8717 /* Assets.xcassets */,
				153916E522F3EFAD00BD8717 /* LaunchScreen.storyboard */,
				153916E822F3EFAD00BD8717 /* Info.plist */,
				153916E922F3EFAD00BD8717 /* main.m */,
				150D9C8022F435850045736D /* TextStatsViewController.h */,
				150D9C8122F435850045736D /* TextStatsViewController.m */,
			);
			path = Attributor;
			sourceTree = "<group>";
		};
/* End PBXGroup section */

/* Begin PBXNativeTarget section */
		153916D622F3EFAC00BD8717 /* Attributor */ = {
			isa = PBXNativeTarget;
			buildConfigurationList = 153916ED22F3EFAD00BD8717 /* Build configuration list for PBXNativeTarget "Attributor" */;
			buildPhases = (
				153916D322F3EFAC00BD8717 /* Sources */,
				153916D422F3EFAC00BD8717 /* Frameworks */,
				153916D522F3EFAC00BD8717 /* Resources */,
			);
			buildRules = (
			);
			dependencies = (
			);
			name = Attributor;
			productName = Attributor;
			productReference = 153916D722F3EFAC00BD8717 /* Attributor.app */;
			productType = "com.apple.product-type.application";
		};
/* End PBXNativeTarget section */

/* Begin PBXProject section */
		153916CF22F3EFAC00BD8717 /* Project object */ = {
			isa = PBXProject;
			attributes = {
				LastUpgradeCheck = 1030;
				ORGANIZATIONNAME = dianyi;
				TargetAttributes = {
					153916D622F3EFAC00BD8717 = {
						CreatedOnToolsVersion = 10.3;
					};
				};
			};
			buildConfigurationList = 153916D222F3EFAC00BD8717 /* Build configuration list for PBXProject "Attributor" */;
			compatibilityVersion = "Xcode 9.3";
			developmentRegion = en;
			hasScannedForEncodings = 0;
			knownRegions = (
				en,
				Base,
			);
			mainGroup = 153916CE22F3EFAC00BD8717;
			productRefGroup = 153916D822F3EFAC00BD8717 /* Products */;
			projectDirPath = "";
			projectRoot = "";
			targets = (
				153916D622F3EFAC00BD8717 /* Attributor */,
			);
		};
/* End PBXProject section */

/* Begin PBXResourcesBuildPhase section */
		153916D522F3EFAC00BD8717 /* Resources */ = {
			isa = PBXResourcesBuildPhase;
			buildActionMask = 2147483647;
			files = (
				153916E722F3EFAD00BD8717 /* LaunchScreen.storyboard in Resources */,
				153916E422F3EFAD00BD8717 /* Assets.xcassets in Resources */,
				153916E222F3EFAC00BD8717 /* Main.storyboard in Resources */,
			);
			runOnlyForDeploymentPostprocessing = 0;
		};
/* End PBXResourcesBuildPhase section */

/* Begin PBXSourcesBuildPhase section */
		153916D322F3EFAC00BD8717 /* Sources */ = {
			isa = PBXSourcesBuildPhase;
			buildActionMask = 2147483647;
			files = (
				153916DF22F3EFAC00BD8717 /* ViewController.m in Sources */,
				153916EA22F3EFAD00BD8717 /* main.m in Sources */,
				153916DC22F3EFAC00BD8717 /* AppDelegate.m in Sources */,
				150D9C8222F435850045736D /* TextStatsViewController.m in Sources */,
			);
			runOnlyForDeploymentPostprocessing = 0;
		};
/* End PBXSourcesBuildPhase section */

/* Begin PBXVariantGroup section */
		153916E022F3EFAC00BD8717 /* Main.storyboard */ = {
			isa = PBXVariantGroup;
			children = (
				153916E122F3EFAC00BD8717 /* Base */,
			);
			name = Main.storyboard;
			sourceTree = "<group>";
		};
		153916E522F3EFAD00BD8717 /* LaunchScreen.storyboard */ = {
			isa = PBXVariantGroup;
			children = (
				153916E622F3EFAD00BD8717 /* Base */,
			);
			name = LaunchScreen.storyboard;
			sourceTree = "<group>";
		};
/* End PBXVariantGroup section */

/* Begin XCBuildConfiguration section */
		153916EB22F3EFAD00BD8717 /* Debug */ = {
			isa = XCBuildConfiguration;
			buildSettings = {
				ALWAYS_SEARCH_USER_PATHS = NO;
				CLANG_ANALYZER_NONNULL = YES;
				CLANG_ANALYZER_NUMBER_OBJECT_CONVERSION = YES_AGGRESSIVE;
				CLANG_CXX_LANGUAGE_STANDARD = "gnu++14";
				CLANG_CXX_LIBRARY = "libc++";
				CLANG_ENABLE_MODULES = YES;
				CLANG_ENABLE_OBJC_ARC = YES;
				CLANG_ENABLE_OBJC_WEAK = YES;
				CLANG_WARN_BLOCK_CAPTURE_AUTORELEASING = YES;
				CLANG_WARN_BOOL_CONVERSION = YES;
				CLANG_WARN_COMMA = YES;
				CLANG_WARN_CONSTANT_CONVERSION = YES;
				CLANG_WARN_DEPRECATED_OBJC_IMPLEMENTATIONS = YES;
				CLANG_WARN_DIRECT_OBJC_ISA_USAGE = YES_ERROR;
				CLANG_WARN_DOCUMENTATION_COMMENTS = YES;
				CLANG_WARN_EMPTY_BODY = YES;
				CLANG_WARN_ENUM_CONVERSION = YES;
				CLANG_WARN_INFINITE_RECURSION = YES;
				CLANG_WARN_INT_CONVERSION = YES;
				CLANG_WARN_NON_LITERAL_NULL_CONVERSION = YES;
				CLANG_WARN_OBJC_IMPLICIT_RETAIN_SELF = YES;
				CLANG_WARN_OBJC_LITERAL_CONVERSION = YES;
				CLANG_WARN_OBJC_ROOT_CLASS = YES_ERROR;
				CLANG_WARN_RANGE_LOOP_ANALYSIS = YES;
				CLANG_WARN_STRICT_PROTOTYPES = YES;
				CLANG_WARN_SUSPICIOUS_MOVE = YES;
				CLANG_WARN_UNGUARDED_AVAILABILITY = YES_AGGRESSIVE;
				CLANG_WARN_UNREACHABLE_CODE = YES;
				CLANG_WARN__DUPLICATE_METHOD_MATCH = YES;
				CODE_SIGN_IDENTITY = "iPhone Developer";
				COPY_PHASE_STRIP = NO;
				DEBUG_INFORMATION_FORMAT = dwarf;
				ENABLE_STRICT_OBJC_MSGSEND = YES;
				ENABLE_TESTABILITY = YES;
				GCC_C_LANGUAGE_STANDARD = gnu11;
				GCC_DYNAMIC_NO_PIC = NO;
				GCC_NO_COMMON_BLOCKS = YES;
				GCC_OPTIMIZATION_LEVEL = 0;
				GCC_PREPROCESSOR_DEFINITIONS = (
					"DEBUG=1",
					"$(inherited)",
				);
				GCC_WARN_64_TO_32_BIT_CONVERSION = YES;
				GCC_WARN_ABOUT_RETURN_TYPE = YES_ERROR;
				GCC_WARN_UNDECLARED_SELECTOR = YES;
				GCC_WARN_UNINITIALIZED_AUTOS = YES_AGGRESSIVE;
				GCC_WARN_UNUSED_FUNCTION = YES;
				GCC_WARN_UNUSED_VARIABLE = YES;
				IPHONEOS_DEPLOYMENT_TARGET = 12.4;
				MTL_ENABLE_DEBUG_INFO = INCLUDE_SOURCE;
				MTL_FAST_MATH = YES;
				ONLY_ACTIVE_ARCH = YES;
				SDKROOT = iphoneos;
			};
			name = Debug;
		};
		153916EC22F3EFAD00BD8717 /* Release */ = {
			isa = XCBuildConfiguration;
			buildSettings = {
				ALWAYS_SEARCH_USER_PATHS = NO;
				CLANG_ANALYZER_NONNULL = YES;
				CLANG_ANALYZER_NUMBER_OBJECT_CONVERSION = YES_AGGRESSIVE;
				CLANG_CXX_LANGUAGE_STANDARD = "gnu++14";
				CLANG_CXX_LIBRARY = "libc++";
				CLANG_ENABLE_MODULES = YES;
				CLANG_ENABLE_OBJC_ARC = YES;
				CLANG_ENABLE_OBJC_WEAK = YES;
				CLANG_WARN_BLOCK_CAPTURE_AUTORELEASING = YES;
				CLANG_WARN_BOOL_CONVERSION = YES;
				CLANG_WARN_COMMA = YES;
				CLANG_WARN_CONSTANT_CONVERSION = YES;
				CLANG_WARN_DEPRECATED_OBJC_IMPLEMENTATIONS = YES;
				CLANG_WARN_DIRECT_OBJC_ISA_USAGE = YES_ERROR;
				CLANG_WARN_DOCUMENTATION_COMMENTS = YES;
				CLANG_WARN_EMPTY_BODY = YES;
				CLANG_WARN_ENUM_CONVERSION = YES;
				CLANG_WARN_INFINITE_RECURSION = YES;
				CLANG_WARN_INT_CONVERSION = YES;
				CLANG_WARN_NON_LITERAL_NULL_CONVERSION = YES;
				CLANG_WARN_OBJC_IMPLICIT_RETAIN_SELF = YES;
				CLANG_WARN_OBJC_LITERAL_CONVERSION = YES;
				CLANG_WARN_OBJC_ROOT_CLASS = YES_ERROR;
				CLANG_WARN_RANGE_LOOP_ANALYSIS = YES;
				CLANG_WARN_STRICT_PROTOTYPES = YES;
				CLANG_WARN_SUSPICIOUS_MOVE = YES;
				CLANG_WARN_UNGUARDED_AVAILABILITY = YES_AGGRESSIVE;
				CLANG_WARN_UNREACHABLE_CODE = YES;
				CLANG_WARN__DUPLICATE_METHOD_MATCH = YES;
				CODE_SIGN_IDENTITY = "iPhone Developer";
				COPY_PHASE_STRIP = NO;
				DEBUG_INFORMATION_FORMAT = "dwarf-with-dsym";
				ENABLE_NS_ASSERTIONS = NO;
				ENABLE_STRICT_OBJC_MSGSEND = YES;
				GCC_C_LANGUAGE_STANDARD = gnu11;
				GCC_NO_COMMON_BLOCKS = YES;
				GCC_WARN_64_TO_32_BIT_CONVERSION = YES;
				GCC_WARN_ABOUT_RETURN_TYPE = YES_ERROR;
				GCC_WARN_UNDECLARED_SELECTOR = YES;
				GCC_WARN_UNINITIALIZED_AUTOS = YES_AGGRESSIVE;
				GCC_WARN_UNUSED_FUNCTION = YES;
				GCC_WARN_UNUSED_VARIABLE = YES;
				IPHONEOS_DEPLOYMENT_TARGET = 12.4;
				MTL_ENABLE_DEBUG_INFO = NO;
				MTL_FAST_MATH = YES;
				SDKROOT = iphoneos;
				VALIDATE_PRODUCT = YES;
			};
			name = Release;
		};
		153916EE22F3EFAD00BD8717 /* Debug */ = {
			isa = XCBuildConfiguration;
			buildSettings = {
				ASSETCATALOG_COMPILER_APPICON_NAME = AppIcon;
				CODE_SIGN_STYLE = Automatic;
				DEVELOPMENT_TEAM = 84JV8F36TK;
				INFOPLIST_FILE = Attributor/Info.plist;
				LD_RUNPATH_SEARCH_PATHS = (
					"$(inherited)",
					"@executable_path/Frameworks",
				);
				PRODUCT_BUNDLE_IDENTIFIER = cn.iotguard.Attributor;
				PRODUCT_NAME = "$(TARGET_NAME)";
				TARGETED_DEVICE_FAMILY = "1,2";
			};
			name = Debug;
		};
		153916EF22F3EFAD00BD8717 /* Release */ = {
			isa = XCBuildConfiguration;
			buildSettings = {
				ASSETCATALOG_COMPILER_APPICON_NAME = AppIcon;
				CODE_SIGN_STYLE = Automatic;
				DEVELOPMENT_TEAM = 84JV8F36TK;
				INFOPLIST_FILE = Attributor/Info.plist;
				LD_RUNPATH_SEARCH_PATHS = (
					"$(inherited)",
					"@executable_path/Frameworks",
				);
				PRODUCT_BUNDLE_IDENTIFIER = cn.iotguard.Attributor;
				PRODUCT_NAME = "$(TARGET_NAME)";
				TARGETED_DEVICE_FAMILY = "1,2";
			};
			name = Release;
		};
/* End XCBuildConfiguration section */

/* Begin XCConfigurationList section */
		153916D222F3EFAC00BD8717 /* Build configuration list for PBXProject "Attributor" */ = {
			isa = XCConfigurationList;
			buildConfigurations = (
				153916EB22F3EFAD00BD8717 /* Debug */,
				153916EC22F3EFAD00BD8717 /* Release */,
			);
			defaultConfigurationIsVisible = 0;
			defaultConfigurationName = Release;
		};
		153916ED22F3EFAD00BD8717 /* Build configuration list for PBXNativeTarget "Attributor" */ = {
			isa = XCConfigurationList;
			buildConfigurations = (
				153916EE22F3EFAD00BD8717 /* Debug */,
				153916EF22F3EFAD00BD8717 /* Release */,
			);
			defaultConfigurationIsVisible = 0;
			defaultConfigurationName = Release;
		};
/* End XCConfigurationList section */
	};
	rootObject = 153916CF22F3EFAC00BD8717 /* Project object */;
}
